{
  "name": "smartstore",
  "version": "1.0.0",
  "lockfileVersion": 1,
  "requires": true,
  "dependencies": {
    "enumconsts": {
      "version": "1.0.0",
      "resolved": "https://registry.npmjs.org/enumconsts/-/enumconsts-1.0.0.tgz",
      "integrity": "sha512-er+5R27qyV3vGTpSZ2/qQwdNKQyTrf3SAys97ZdKhOeMAAoC/OmZ11Z0kVq4tFvSCcaF1KD1/pz7VVD51YIL+A=="
    },
    "lodash.isfunction": {
      "version": "3.0.8",
      "resolved": "https://registry.npmjs.org/lodash.isfunction/-/lodash.isfunction-3.0.8.tgz",
      "integrity": "sha1-TbcJ/IG8So/XEnpFilNGxc3OLGs="
    },
    "lodash.isstring": {
      "version": "4.0.1",
      "resolved": "https://registry.npmjs.org/lodash.isstring/-/lodash.isstring-4.0.1.tgz",
      "integrity": "sha1-1SfftUVuynzJu5XV2ur4i6VKVFE="
    }
  }
}
